// !$*UTF8*$!
{
	archiveVersion = 1;
	classes = {
	};
	objectVersion = 46;
	objects = {

/* Begin PBXBuildFile section */
		12E6BAE23399F2641DB4CC75 /* Pods_TRART.framework in Frameworks */ = {isa = PBXBuildFile; fileRef = C154B7778607281D564FC65E /* Pods_TRART.framework */; settings = {ATTRIBUTES = (Weak, ); }; };
		471EF8DD1BA8F8FF00D21972 /* Progress.swift in Sources */ = {isa = PBXBuildFile; fileRef = 471EF8DC1BA8F8FF00D21972 /* Progress.swift */; };
		475B335E1BA5C4BE00EC0E6A /* MainTableHeaderController.swift in Sources */ = {isa = PBXBuildFile; fileRef = 475B335D1BA5C4BE00EC0E6A /* MainTableHeaderController.swift */; };
		475B33601BA5C4DC00EC0E6A /* MainTableHeader.xib in Resources */ = {isa = PBXBuildFile; fileRef = 475B335F1BA5C4DC00EC0E6A /* MainTableHeader.xib */; };
		475B33621BA5CBF000EC0E6A /* MainController.swift in Sources */ = {isa = PBXBuildFile; fileRef = 475B33611BA5CBF000EC0E6A /* MainController.swift */; };
		47BD971F1BA2779F00096854 /* AppDelegate.swift in Sources */ = {isa = PBXBuildFile; fileRef = 47BD971E1BA2779F00096854 /* AppDelegate.swift */; };
		47BD97241BA2779F00096854 /* Main.storyboard in Resources */ = {isa = PBXBuildFile; fileRef = 47BD97221BA2779F00096854 /* Main.storyboard */; };
		47BD97261BA2779F00096854 /* Images.xcassets in Resources */ = {isa = PBXBuildFile; fileRef = 47BD97251BA2779F00096854 /* Images.xcassets */; };
		47BD97291BA2779F00096854 /* LaunchScreen.xib in Resources */ = {isa = PBXBuildFile; fileRef = 47BD97271BA2779F00096854 /* LaunchScreen.xib */; };
		47BD97351BA277A000096854 /* TRARTTests.swift in Sources */ = {isa = PBXBuildFile; fileRef = 47BD97341BA277A000096854 /* TRARTTests.swift */; };
		47CE091B1BA2D4C900168E4D /* MakeNewController.swift in Sources */ = {isa = PBXBuildFile; fileRef = 47CE091A1BA2D4C900168E4D /* MakeNewController.swift */; };
		47CE091D1BA2D4F200168E4D /* MakeNewNavigationController.swift in Sources */ = {isa = PBXBuildFile; fileRef = 47CE091C1BA2D4F200168E4D /* MakeNewNavigationController.swift */; };
		47CE09241BA2E71700168E4D /* TracksTableViewController.swift in Sources */ = {isa = PBXBuildFile; fileRef = 47CE09221BA2E71700168E4D /* TracksTableViewController.swift */; };
		47CE09251BA2E71700168E4D /* TracksTableViewController.xib in Resources */ = {isa = PBXBuildFile; fileRef = 47CE09231BA2E71700168E4D /* TracksTableViewController.xib */; };
		47CE09281BA2E91100168E4D /* TracksTableCellController.swift in Sources */ = {isa = PBXBuildFile; fileRef = 47CE09261BA2E91000168E4D /* TracksTableCellController.swift */; };
		47CE09291BA2E91100168E4D /* TracksTableViewCell.xib in Resources */ = {isa = PBXBuildFile; fileRef = 47CE09271BA2E91000168E4D /* TracksTableViewCell.xib */; };
		47F291A41BA8194A00BC8DD0 /* SearchViewController.swift in Sources */ = {isa = PBXBuildFile; fileRef = 47F291A21BA8194A00BC8DD0 /* SearchViewController.swift */; };
		47F291A51BA8194A00BC8DD0 /* SearchViewController.xib in Resources */ = {isa = PBXBuildFile; fileRef = 47F291A31BA8194A00BC8DD0 /* SearchViewController.xib */; };
		47F291A71BA860D700BC8DD0 /* HomeTableViewCell.swift in Sources */ = {isa = PBXBuildFile; fileRef = 47F291A61BA860D700BC8DD0 /* HomeTableViewCell.swift */; };
		5A2F4E1C1BA8323000CA71D5 /* Array+.swift in Sources */ = {isa = PBXBuildFile; fileRef = 5A2F4E1B1BA8323000CA71D5 /* Array+.swift */; };
		5A2F4E221BA85E8800CA71D5 /* Player.xib in Resources */ = {isa = PBXBuildFile; fileRef = 5A2F4E211BA85E8800CA71D5 /* Player.xib */; };
		5A2F4E241BA85EBC00CA71D5 /* PlayerView.swift in Sources */ = {isa = PBXBuildFile; fileRef = 5A2F4E231BA85EBC00CA71D5 /* PlayerView.swift */; };
		5A7F614F1BA51D0100555414 /* MakeFinishViewController.swift in Sources */ = {isa = PBXBuildFile; fileRef = 5A7F614E1BA51D0100555414 /* MakeFinishViewController.swift */; };
		5A7F61511BA5312E00555414 /* MakeConfirmController.swift in Sources */ = {isa = PBXBuildFile; fileRef = 5A7F61501BA5312D00555414 /* MakeConfirmController.swift */; };
		5A7F61531BA5314E00555414 /* MakeJacketController.swift in Sources */ = {isa = PBXBuildFile; fileRef = 5A7F61521BA5314E00555414 /* MakeJacketController.swift */; };
		5A7F61551BA544FD00555414 /* MakeNewView.swift in Sources */ = {isa = PBXBuildFile; fileRef = 5A7F61541BA544FD00555414 /* MakeNewView.swift */; };
		5AD276151BA571590074B49C /* TracksTableView.swift in Sources */ = {isa = PBXBuildFile; fileRef = 5AD276141BA571590074B49C /* TracksTableView.swift */; };
		5AD2761A1BA59FAF0074B49C /* PlayerManager.swift in Sources */ = {isa = PBXBuildFile; fileRef = 5AD276191BA59FAF0074B49C /* PlayerManager.swift */; };
		5AD2764A1BA5B0180074B49C /* AVFoundation.framework in Frameworks */ = {isa = PBXBuildFile; fileRef = 5AD276491BA5B0170074B49C /* AVFoundation.framework */; };
		5AF7737E1BA2CE11008056A7 /* iTunesApiClient.swift in Sources */ = {isa = PBXBuildFile; fileRef = 5AF7737D1BA2CE11008056A7 /* iTunesApiClient.swift */; };
		5AF773801BA2D353008056A7 /* Track.swift in Sources */ = {isa = PBXBuildFile; fileRef = 5AF7737F1BA2D353008056A7 /* Track.swift */; };
		5AF773821BA2E302008056A7 /* Playlist.swift in Sources */ = {isa = PBXBuildFile; fileRef = 5AF773811BA2E302008056A7 /* Playlist.swift */; };
		5AF773851BA2E84F008056A7 /* UIColor+.swift in Sources */ = {isa = PBXBuildFile; fileRef = 5AF773841BA2E84F008056A7 /* UIColor+.swift */; };
		983B3F861BA5515100A24393 /* CustomCell.swift in Sources */ = {isa = PBXBuildFile; fileRef = 983B3F851BA5515100A24393 /* CustomCell.swift */; };
		983B3F881BA5515B00A24393 /* LayerCell.swift in Sources */ = {isa = PBXBuildFile; fileRef = 983B3F871BA5515B00A24393 /* LayerCell.swift */; };
		986E7DC11BA6AFCF00503400 /* LayoutTableViewController.swift in Sources */ = {isa = PBXBuildFile; fileRef = 986E7DC01BA6AFCF00503400 /* LayoutTableViewController.swift */; };
		987CC5141BA8FA5000F869EC /* UIPlaceHolderTextView.swift in Sources */ = {isa = PBXBuildFile; fileRef = 987CC5131BA8FA5000F869EC /* UIPlaceHolderTextView.swift */; };
		9885294F1BA52D37003D5FED /* Layer1.xib in Resources */ = {isa = PBXBuildFile; fileRef = 9885294E1BA52D37003D5FED /* Layer1.xib */; };
		988529521BA5300D003D5FED /* Layer2.xib in Resources */ = {isa = PBXBuildFile; fileRef = 988529511BA5300D003D5FED /* Layer2.xib */; };
		988529541BA530CA003D5FED /* Layer3.xib in Resources */ = {isa = PBXBuildFile; fileRef = 988529531BA530CA003D5FED /* Layer3.xib */; };
		988529561BA530D5003D5FED /* Layer4.xib in Resources */ = {isa = PBXBuildFile; fileRef = 988529551BA530D5003D5FED /* Layer4.xib */; };
		988529581BA53102003D5FED /* Layer5.xib in Resources */ = {isa = PBXBuildFile; fileRef = 988529571BA53102003D5FED /* Layer5.xib */; };
		9885295A1BA53114003D5FED /* Layer6.xib in Resources */ = {isa = PBXBuildFile; fileRef = 988529591BA53114003D5FED /* Layer6.xib */; };
		9885295C1BA53123003D5FED /* Layer7.xib in Resources */ = {isa = PBXBuildFile; fileRef = 9885295B1BA53123003D5FED /* Layer7.xib */; };
		9885295E1BA5312D003D5FED /* Layer8.xib in Resources */ = {isa = PBXBuildFile; fileRef = 9885295D1BA5312D003D5FED /* Layer8.xib */; };
		988529601BA532FD003D5FED /* JaketLayer1View.swift in Sources */ = {isa = PBXBuildFile; fileRef = 9885295F1BA532FD003D5FED /* JaketLayer1View.swift */; };
		988529621BA53775003D5FED /* JaketLayer2View.swift in Sources */ = {isa = PBXBuildFile; fileRef = 988529611BA53775003D5FED /* JaketLayer2View.swift */; };
		988529641BA5378B003D5FED /* JaketLayer3View.swift in Sources */ = {isa = PBXBuildFile; fileRef = 988529631BA5378B003D5FED /* JaketLayer3View.swift */; };
		988529661BA53793003D5FED /* JaketLayer4View.swift in Sources */ = {isa = PBXBuildFile; fileRef = 988529651BA53793003D5FED /* JaketLayer4View.swift */; };
		988529681BA537A4003D5FED /* JaketLayer5View.swift in Sources */ = {isa = PBXBuildFile; fileRef = 988529671BA537A4003D5FED /* JaketLayer5View.swift */; };
		9885296A1BA537AF003D5FED /* JaketLayer6View.swift in Sources */ = {isa = PBXBuildFile; fileRef = 988529691BA537AF003D5FED /* JaketLayer6View.swift */; };
		9885296C1BA537B9003D5FED /* JaketLayer7View.swift in Sources */ = {isa = PBXBuildFile; fileRef = 9885296B1BA537B9003D5FED /* JaketLayer7View.swift */; };
		9885296E1BA537C4003D5FED /* JaketLayer8View.swift in Sources */ = {isa = PBXBuildFile; fileRef = 9885296D1BA537C4003D5FED /* JaketLayer8View.swift */; };
		98DF433C1BA71B1C0009FB34 /* LayoutLastViewController.swift in Sources */ = {isa = PBXBuildFile; fileRef = 98DF433B1BA71B1C0009FB34 /* LayoutLastViewController.swift */; };
		98DF433E1BA723C40009FB34 /* Make.storyboard in Resources */ = {isa = PBXBuildFile; fileRef = 98DF433D1BA723C40009FB34 /* Make.storyboard */; };
/* End PBXBuildFile section */

/* Begin PBXContainerItemProxy section */
		47BD972F1BA277A000096854 /* PBXContainerItemProxy */ = {
			isa = PBXContainerItemProxy;
			containerPortal = 47BD97111BA2779F00096854 /* Project object */;
			proxyType = 1;
			remoteGlobalIDString = 47BD97181BA2779F00096854;
			remoteInfo = TRART;
		};
/* End PBXContainerItemProxy section */

/* Begin PBXFileReference section */
		471EF8DC1BA8F8FF00D21972 /* Progress.swift */ = {isa = PBXFileReference; fileEncoding = 4; lastKnownFileType = sourcecode.swift; path = Progress.swift; sourceTree = "<group>"; };
		475B335D1BA5C4BE00EC0E6A /* MainTableHeaderController.swift */ = {isa = PBXFileReference; fileEncoding = 4; lastKnownFileType = sourcecode.swift; path = MainTableHeaderController.swift; sourceTree = "<group>"; };
		475B335F1BA5C4DC00EC0E6A /* MainTableHeader.xib */ = {isa = PBXFileReference; fileEncoding = 4; lastKnownFileType = file.xib; path = MainTableHeader.xib; sourceTree = "<group>"; };
		475B33611BA5CBF000EC0E6A /* MainController.swift */ = {isa = PBXFileReference; fileEncoding = 4; lastKnownFileType = sourcecode.swift; path = MainController.swift; sourceTree = "<group>"; };
		47BD97191BA2779F00096854 /* TRART.app */ = {isa = PBXFileReference; explicitFileType = wrapper.application; includeInIndex = 0; path = TRART.app; sourceTree = BUILT_PRODUCTS_DIR; };
		47BD971D1BA2779F00096854 /* Info.plist */ = {isa = PBXFileReference; lastKnownFileType = text.plist.xml; path = Info.plist; sourceTree = "<group>"; };
		47BD971E1BA2779F00096854 /* AppDelegate.swift */ = {isa = PBXFileReference; lastKnownFileType = sourcecode.swift; path = AppDelegate.swift; sourceTree = "<group>"; };
		47BD97231BA2779F00096854 /* Base */ = {isa = PBXFileReference; lastKnownFileType = file.storyboard; name = Base; path = Base.lproj/Main.storyboard; sourceTree = "<group>"; };
		47BD97251BA2779F00096854 /* Images.xcassets */ = {isa = PBXFileReference; lastKnownFileType = folder.assetcatalog; path = Images.xcassets; sourceTree = "<group>"; };
		47BD97281BA2779F00096854 /* Base */ = {isa = PBXFileReference; lastKnownFileType = file.xib; name = Base; path = Base.lproj/LaunchScreen.xib; sourceTree = "<group>"; };
		47BD972E1BA277A000096854 /* TRARTTests.xctest */ = {isa = PBXFileReference; explicitFileType = wrapper.cfbundle; includeInIndex = 0; path = TRARTTests.xctest; sourceTree = BUILT_PRODUCTS_DIR; };
		47BD97331BA277A000096854 /* Info.plist */ = {isa = PBXFileReference; lastKnownFileType = text.plist.xml; path = Info.plist; sourceTree = "<group>"; };
		47BD97341BA277A000096854 /* TRARTTests.swift */ = {isa = PBXFileReference; lastKnownFileType = sourcecode.swift; path = TRARTTests.swift; sourceTree = "<group>"; };
		47CE091A1BA2D4C900168E4D /* MakeNewController.swift */ = {isa = PBXFileReference; fileEncoding = 4; lastKnownFileType = sourcecode.swift; path = MakeNewController.swift; sourceTree = "<group>"; };
		47CE091C1BA2D4F200168E4D /* MakeNewNavigationController.swift */ = {isa = PBXFileReference; fileEncoding = 4; lastKnownFileType = sourcecode.swift; path = MakeNewNavigationController.swift; sourceTree = "<group>"; };
		47CE09221BA2E71700168E4D /* TracksTableViewController.swift */ = {isa = PBXFileReference; fileEncoding = 4; lastKnownFileType = sourcecode.swift; path = TracksTableViewController.swift; sourceTree = "<group>"; };
		47CE09231BA2E71700168E4D /* TracksTableViewController.xib */ = {isa = PBXFileReference; fileEncoding = 4; lastKnownFileType = file.xib; path = TracksTableViewController.xib; sourceTree = "<group>"; };
		47CE09261BA2E91000168E4D /* TracksTableCellController.swift */ = {isa = PBXFileReference; fileEncoding = 4; lastKnownFileType = sourcecode.swift; path = TracksTableCellController.swift; sourceTree = "<group>"; };
		47CE09271BA2E91000168E4D /* TracksTableViewCell.xib */ = {isa = PBXFileReference; fileEncoding = 4; lastKnownFileType = file.xib; path = TracksTableViewCell.xib; sourceTree = "<group>"; };
		47F291A21BA8194A00BC8DD0 /* SearchViewController.swift */ = {isa = PBXFileReference; fileEncoding = 4; lastKnownFileType = sourcecode.swift; path = SearchViewController.swift; sourceTree = "<group>"; };
		47F291A31BA8194A00BC8DD0 /* SearchViewController.xib */ = {isa = PBXFileReference; fileEncoding = 4; lastKnownFileType = file.xib; path = SearchViewController.xib; sourceTree = "<group>"; };
		47F291A61BA860D700BC8DD0 /* HomeTableViewCell.swift */ = {isa = PBXFileReference; fileEncoding = 4; lastKnownFileType = sourcecode.swift; path = HomeTableViewCell.swift; sourceTree = "<group>"; };
		4EB130E953F113C9719472F8 /* Pods-TRART.debug.xcconfig */ = {isa = PBXFileReference; includeInIndex = 1; lastKnownFileType = text.xcconfig; name = "Pods-TRART.debug.xcconfig"; path = "Pods/Target Support Files/Pods-TRART/Pods-TRART.debug.xcconfig"; sourceTree = "<group>"; };
		5A2F4E181BA8295900CA71D5 /* TRART-Bridging-Header.h */ = {isa = PBXFileReference; lastKnownFileType = sourcecode.c.h; path = "TRART-Bridging-Header.h"; sourceTree = "<group>"; };
		5A2F4E1B1BA8323000CA71D5 /* Array+.swift */ = {isa = PBXFileReference; fileEncoding = 4; lastKnownFileType = sourcecode.swift; path = "Array+.swift"; sourceTree = "<group>"; };
		5A2F4E211BA85E8800CA71D5 /* Player.xib */ = {isa = PBXFileReference; fileEncoding = 4; lastKnownFileType = file.xib; path = Player.xib; sourceTree = "<group>"; };
		5A2F4E231BA85EBC00CA71D5 /* PlayerView.swift */ = {isa = PBXFileReference; fileEncoding = 4; lastKnownFileType = sourcecode.swift; path = PlayerView.swift; sourceTree = "<group>"; };
		5A7F614E1BA51D0100555414 /* MakeFinishViewController.swift */ = {isa = PBXFileReference; fileEncoding = 4; lastKnownFileType = sourcecode.swift; path = MakeFinishViewController.swift; sourceTree = "<group>"; };
		5A7F61501BA5312D00555414 /* MakeConfirmController.swift */ = {isa = PBXFileReference; fileEncoding = 4; lastKnownFileType = sourcecode.swift; path = MakeConfirmController.swift; sourceTree = "<group>"; };
		5A7F61521BA5314E00555414 /* MakeJacketController.swift */ = {isa = PBXFileReference; fileEncoding = 4; lastKnownFileType = sourcecode.swift; path = MakeJacketController.swift; sourceTree = "<group>"; };
		5A7F61541BA544FD00555414 /* MakeNewView.swift */ = {isa = PBXFileReference; fileEncoding = 4; lastKnownFileType = sourcecode.swift; path = MakeNewView.swift; sourceTree = "<group>"; };
		5AD276141BA571590074B49C /* TracksTableView.swift */ = {isa = PBXFileReference; fileEncoding = 4; lastKnownFileType = sourcecode.swift; path = TracksTableView.swift; sourceTree = "<group>"; };
		5AD276191BA59FAF0074B49C /* PlayerManager.swift */ = {isa = PBXFileReference; fileEncoding = 4; lastKnownFileType = sourcecode.swift; path = PlayerManager.swift; sourceTree = "<group>"; };
		5AD276491BA5B0170074B49C /* AVFoundation.framework */ = {isa = PBXFileReference; lastKnownFileType = wrapper.framework; name = AVFoundation.framework; path = System/Library/Frameworks/AVFoundation.framework; sourceTree = SDKROOT; };
		5AF7737D1BA2CE11008056A7 /* iTunesApiClient.swift */ = {isa = PBXFileReference; fileEncoding = 4; lastKnownFileType = sourcecode.swift; path = iTunesApiClient.swift; sourceTree = "<group>"; };
		5AF7737F1BA2D353008056A7 /* Track.swift */ = {isa = PBXFileReference; fileEncoding = 4; lastKnownFileType = sourcecode.swift; path = Track.swift; sourceTree = "<group>"; };
		5AF773811BA2E302008056A7 /* Playlist.swift */ = {isa = PBXFileReference; fileEncoding = 4; lastKnownFileType = sourcecode.swift; path = Playlist.swift; sourceTree = "<group>"; };
		5AF773841BA2E84F008056A7 /* UIColor+.swift */ = {isa = PBXFileReference; fileEncoding = 4; lastKnownFileType = sourcecode.swift; path = "UIColor+.swift"; sourceTree = "<group>"; };
		983B3F851BA5515100A24393 /* CustomCell.swift */ = {isa = PBXFileReference; fileEncoding = 4; lastKnownFileType = sourcecode.swift; path = CustomCell.swift; sourceTree = "<group>"; };
		983B3F871BA5515B00A24393 /* LayerCell.swift */ = {isa = PBXFileReference; fileEncoding = 4; lastKnownFileType = sourcecode.swift; path = LayerCell.swift; sourceTree = "<group>"; };
		986E7DC01BA6AFCF00503400 /* LayoutTableViewController.swift */ = {isa = PBXFileReference; fileEncoding = 4; lastKnownFileType = sourcecode.swift; path = LayoutTableViewController.swift; sourceTree = "<group>"; };
		987CC5131BA8FA5000F869EC /* UIPlaceHolderTextView.swift */ = {isa = PBXFileReference; fileEncoding = 4; lastKnownFileType = sourcecode.swift; path = UIPlaceHolderTextView.swift; sourceTree = "<group>"; };
		9885294E1BA52D37003D5FED /* Layer1.xib */ = {isa = PBXFileReference; fileEncoding = 4; lastKnownFileType = file.xib; path = Layer1.xib; sourceTree = "<group>"; };
		988529511BA5300D003D5FED /* Layer2.xib */ = {isa = PBXFileReference; fileEncoding = 4; lastKnownFileType = file.xib; path = Layer2.xib; sourceTree = "<group>"; };
		988529531BA530CA003D5FED /* Layer3.xib */ = {isa = PBXFileReference; fileEncoding = 4; lastKnownFileType = file.xib; path = Layer3.xib; sourceTree = "<group>"; };
		988529551BA530D5003D5FED /* Layer4.xib */ = {isa = PBXFileReference; fileEncoding = 4; lastKnownFileType = file.xib; path = Layer4.xib; sourceTree = "<group>"; };
		988529571BA53102003D5FED /* Layer5.xib */ = {isa = PBXFileReference; fileEncoding = 4; lastKnownFileType = file.xib; path = Layer5.xib; sourceTree = "<group>"; };
		988529591BA53114003D5FED /* Layer6.xib */ = {isa = PBXFileReference; fileEncoding = 4; lastKnownFileType = file.xib; path = Layer6.xib; sourceTree = "<group>"; };
		9885295B1BA53123003D5FED /* Layer7.xib */ = {isa = PBXFileReference; fileEncoding = 4; lastKnownFileType = file.xib; path = Layer7.xib; sourceTree = "<group>"; };
		9885295D1BA5312D003D5FED /* Layer8.xib */ = {isa = PBXFileReference; fileEncoding = 4; lastKnownFileType = file.xib; path = Layer8.xib; sourceTree = "<group>"; };
		9885295F1BA532FD003D5FED /* JaketLayer1View.swift */ = {isa = PBXFileReference; fileEncoding = 4; lastKnownFileType = sourcecode.swift; path = JaketLayer1View.swift; sourceTree = "<group>"; };
		988529611BA53775003D5FED /* JaketLayer2View.swift */ = {isa = PBXFileReference; fileEncoding = 4; lastKnownFileType = sourcecode.swift; path = JaketLayer2View.swift; sourceTree = "<group>"; };
		988529631BA5378B003D5FED /* JaketLayer3View.swift */ = {isa = PBXFileReference; fileEncoding = 4; lastKnownFileType = sourcecode.swift; path = JaketLayer3View.swift; sourceTree = "<group>"; };
		988529651BA53793003D5FED /* JaketLayer4View.swift */ = {isa = PBXFileReference; fileEncoding = 4; lastKnownFileType = sourcecode.swift; path = JaketLayer4View.swift; sourceTree = "<group>"; };
		988529671BA537A4003D5FED /* JaketLayer5View.swift */ = {isa = PBXFileReference; fileEncoding = 4; lastKnownFileType = sourcecode.swift; path = JaketLayer5View.swift; sourceTree = "<group>"; };
		988529691BA537AF003D5FED /* JaketLayer6View.swift */ = {isa = PBXFileReference; fileEncoding = 4; lastKnownFileType = sourcecode.swift; path = JaketLayer6View.swift; sourceTree = "<group>"; };
		9885296B1BA537B9003D5FED /* JaketLayer7View.swift */ = {isa = PBXFileReference; fileEncoding = 4; lastKnownFileType = sourcecode.swift; path = JaketLayer7View.swift; sourceTree = "<group>"; };
		9885296D1BA537C4003D5FED /* JaketLayer8View.swift */ = {isa = PBXFileReference; fileEncoding = 4; lastKnownFileType = sourcecode.swift; path = JaketLayer8View.swift; sourceTree = "<group>"; };
		98DF433B1BA71B1C0009FB34 /* LayoutLastViewController.swift */ = {isa = PBXFileReference; fileEncoding = 4; lastKnownFileType = sourcecode.swift; path = LayoutLastViewController.swift; sourceTree = "<group>"; };
		98DF433D1BA723C40009FB34 /* Make.storyboard */ = {isa = PBXFileReference; fileEncoding = 4; lastKnownFileType = file.storyboard; path = Make.storyboard; sourceTree = "<group>"; };
		C154B7778607281D564FC65E /* Pods_TRART.framework */ = {isa = PBXFileReference; explicitFileType = wrapper.framework; includeInIndex = 0; path = Pods_TRART.framework; sourceTree = BUILT_PRODUCTS_DIR; };
		EC91779C21E5C5E2FDE0A015 /* Pods-TRART.release.xcconfig */ = {isa = PBXFileReference; includeInIndex = 1; lastKnownFileType = text.xcconfig; name = "Pods-TRART.release.xcconfig"; path = "Pods/Target Support Files/Pods-TRART/Pods-TRART.release.xcconfig"; sourceTree = "<group>"; };
/* End PBXFileReference section */

/* Begin PBXFrameworksBuildPhase section */
		47BD97161BA2779F00096854 /* Frameworks */ = {
			isa = PBXFrameworksBuildPhase;
			buildActionMask = 2147483647;
			files = (
				5AD2764A1BA5B0180074B49C /* AVFoundation.framework in Frameworks */,
				12E6BAE23399F2641DB4CC75 /* Pods_TRART.framework in Frameworks */,
			);
			runOnlyForDeploymentPostprocessing = 0;
		};
		47BD972B1BA277A000096854 /* Frameworks */ = {
			isa = PBXFrameworksBuildPhase;
			buildActionMask = 2147483647;
			files = (
			);
			runOnlyForDeploymentPostprocessing = 0;
		};
/* End PBXFrameworksBuildPhase section */

/* Begin PBXGroup section */
		0121194FABC31F508F3DF253 /* Frameworks */ = {
			isa = PBXGroup;
			children = (
				5AD276491BA5B0170074B49C /* AVFoundation.framework */,
				C154B7778607281D564FC65E /* Pods_TRART.framework */,
			);
			name = Frameworks;
			sourceTree = "<group>";
		};
		47BD97101BA2779F00096854 = {
			isa = PBXGroup;
			children = (
				47BD971B1BA2779F00096854 /* TRART */,
				47BD97311BA277A000096854 /* TRARTTests */,
				47BD971A1BA2779F00096854 /* Products */,
				D824F73F8DD0D501E535210D /* Pods */,
				0121194FABC31F508F3DF253 /* Frameworks */,
			);
			sourceTree = "<group>";
		};
		47BD971A1BA2779F00096854 /* Products */ = {
			isa = PBXGroup;
			children = (
				47BD97191BA2779F00096854 /* TRART.app */,
				47BD972E1BA277A000096854 /* TRARTTests.xctest */,
			);
			name = Products;
			sourceTree = "<group>";
		};
		47BD971B1BA2779F00096854 /* TRART */ = {
			isa = PBXGroup;
			children = (
				5A2F4E181BA8295900CA71D5 /* TRART-Bridging-Header.h */,
				47BD971E1BA2779F00096854 /* AppDelegate.swift */,
				5AF773831BA2E80B008056A7 /* Extensions */,
				5AE0DCF21BA2B0C900EE2A1B /* Services */,
				5AE0DCF31BA2B0D300EE2A1B /* Models */,
				5AE0DCF41BA2B0DB00EE2A1B /* Controllers */,
				5AE0DCF51BA2B0E600EE2A1B /* Views */,
				5AE0DCF61BA2B0EE00EE2A1B /* Layouts */,
				47BD97251BA2779F00096854 /* Images.xcassets */,
				47BD971C1BA2779F00096854 /* Supporting Files */,
			);
			path = TRART;
			sourceTree = "<group>";
		};
		47BD971C1BA2779F00096854 /* Supporting Files */ = {
			isa = PBXGroup;
			children = (
				47BD971D1BA2779F00096854 /* Info.plist */,
			);
			name = "Supporting Files";
			sourceTree = "<group>";
		};
		47BD97311BA277A000096854 /* TRARTTests */ = {
			isa = PBXGroup;
			children = (
				47BD97341BA277A000096854 /* TRARTTests.swift */,
				47BD97321BA277A000096854 /* Supporting Files */,
			);
			path = TRARTTests;
			sourceTree = "<group>";
		};
		47BD97321BA277A000096854 /* Supporting Files */ = {
			isa = PBXGroup;
			children = (
				47BD97331BA277A000096854 /* Info.plist */,
			);
			name = "Supporting Files";
			sourceTree = "<group>";
		};
		5A7F61561BA5467F00555414 /* Jackets */ = {
			isa = PBXGroup;
			children = (
			);
			name = Jackets;
			sourceTree = "<group>";
		};
		5AD276161BA572270074B49C /* MakeNew */ = {
			isa = PBXGroup;
			children = (
				5A7F61541BA544FD00555414 /* MakeNewView.swift */,
				5AD276141BA571590074B49C /* TracksTableView.swift */,
			);
			name = MakeNew;
			sourceTree = "<group>";
		};
		5AE0DCF21BA2B0C900EE2A1B /* Services */ = {
			isa = PBXGroup;
			children = (
				5AF7737D1BA2CE11008056A7 /* iTunesApiClient.swift */,
				5AD276191BA59FAF0074B49C /* PlayerManager.swift */,
				987CC5131BA8FA5000F869EC /* UIPlaceHolderTextView.swift */,
				471EF8DC1BA8F8FF00D21972 /* Progress.swift */,
			);
			name = Services;
			sourceTree = "<group>";
		};
		5AE0DCF31BA2B0D300EE2A1B /* Models */ = {
			isa = PBXGroup;
			children = (
				5AF7737F1BA2D353008056A7 /* Track.swift */,
				5AF773811BA2E302008056A7 /* Playlist.swift */,
			);
			name = Models;
			sourceTree = "<group>";
		};
		5AE0DCF41BA2B0DB00EE2A1B /* Controllers */ = {
			isa = PBXGroup;
			children = (
				475B33611BA5CBF000EC0E6A /* MainController.swift */,
				47CE091A1BA2D4C900168E4D /* MakeNewController.swift */,
				47CE091C1BA2D4F200168E4D /* MakeNewNavigationController.swift */,
				47CE09221BA2E71700168E4D /* TracksTableViewController.swift */,
				5A7F614E1BA51D0100555414 /* MakeFinishViewController.swift */,
				5A7F61501BA5312D00555414 /* MakeConfirmController.swift */,
				5A7F61521BA5314E00555414 /* MakeJacketController.swift */,
				47CE09261BA2E91000168E4D /* TracksTableCellController.swift */,
				475B335D1BA5C4BE00EC0E6A /* MainTableHeaderController.swift */,
				986E7DC01BA6AFCF00503400 /* LayoutTableViewController.swift */,
				98DF433B1BA71B1C0009FB34 /* LayoutLastViewController.swift */,
				47F291A21BA8194A00BC8DD0 /* SearchViewController.swift */,
				47F291A61BA860D700BC8DD0 /* HomeTableViewCell.swift */,
			);
			name = Controllers;
			sourceTree = "<group>";
		};
		5AE0DCF51BA2B0E600EE2A1B /* Views */ = {
			isa = PBXGroup;
			children = (
				9885295F1BA532FD003D5FED /* JaketLayer1View.swift */,
				988529611BA53775003D5FED /* JaketLayer2View.swift */,
				988529631BA5378B003D5FED /* JaketLayer3View.swift */,
				988529651BA53793003D5FED /* JaketLayer4View.swift */,
				988529671BA537A4003D5FED /* JaketLayer5View.swift */,
				988529691BA537AF003D5FED /* JaketLayer6View.swift */,
				9885296B1BA537B9003D5FED /* JaketLayer7View.swift */,
				9885296D1BA537C4003D5FED /* JaketLayer8View.swift */,
				983B3F851BA5515100A24393 /* CustomCell.swift */,
				983B3F871BA5515B00A24393 /* LayerCell.swift */,
				5A2F4E231BA85EBC00CA71D5 /* PlayerView.swift */,
				5A7F61561BA5467F00555414 /* Jackets */,
				5AD276161BA572270074B49C /* MakeNew */,
			);
			name = Views;
			sourceTree = "<group>";
		};
		5AE0DCF61BA2B0EE00EE2A1B /* Layouts */ = {
			isa = PBXGroup;
			children = (
				47BD97271BA2779F00096854 /* LaunchScreen.xib */,
				47F291A31BA8194A00BC8DD0 /* SearchViewController.xib */,
				47BD97221BA2779F00096854 /* Main.storyboard */,
				98DF433D1BA723C40009FB34 /* Make.storyboard */,
				47CE09231BA2E71700168E4D /* TracksTableViewController.xib */,
				47CE09271BA2E91000168E4D /* TracksTableViewCell.xib */,
				475B335F1BA5C4DC00EC0E6A /* MainTableHeader.xib */,
				5A2F4E211BA85E8800CA71D5 /* Player.xib */,
				988529501BA52F21003D5FED /* LayerSet */,
			);
			name = Layouts;
			sourceTree = "<group>";
		};
		5AF773831BA2E80B008056A7 /* Extensions */ = {
			isa = PBXGroup;
			children = (
				5AF773841BA2E84F008056A7 /* UIColor+.swift */,
				5A2F4E1B1BA8323000CA71D5 /* Array+.swift */,
			);
			name = Extensions;
			sourceTree = "<group>";
		};
		988529501BA52F21003D5FED /* LayerSet */ = {
			isa = PBXGroup;
			children = (
				9885294E1BA52D37003D5FED /* Layer1.xib */,
				988529511BA5300D003D5FED /* Layer2.xib */,
				988529531BA530CA003D5FED /* Layer3.xib */,
				988529551BA530D5003D5FED /* Layer4.xib */,
				988529571BA53102003D5FED /* Layer5.xib */,
				988529591BA53114003D5FED /* Layer6.xib */,
				9885295B1BA53123003D5FED /* Layer7.xib */,
				9885295D1BA5312D003D5FED /* Layer8.xib */,
			);
			name = LayerSet;
			sourceTree = "<group>";
		};
		D824F73F8DD0D501E535210D /* Pods */ = {
			isa = PBXGroup;
			children = (
				4EB130E953F113C9719472F8 /* Pods-TRART.debug.xcconfig */,
				EC91779C21E5C5E2FDE0A015 /* Pods-TRART.release.xcconfig */,
			);
			name = Pods;
			sourceTree = "<group>";
		};
/* End PBXGroup section */

/* Begin PBXNativeTarget section */
		47BD97181BA2779F00096854 /* TRART */ = {
			isa = PBXNativeTarget;
			buildConfigurationList = 47BD97381BA277A000096854 /* Build configuration list for PBXNativeTarget "TRART" */;
			buildPhases = (
				5E0C18736E680D1BD97A4AC4 /* Check Pods Manifest.lock */,
				47BD97151BA2779F00096854 /* Sources */,
				47BD97161BA2779F00096854 /* Frameworks */,
				47BD97171BA2779F00096854 /* Resources */,
				1AB3A77285D64C4DBEAB655F /* Embed Pods Frameworks */,
				A11C59BD1C81977E61031548 /* Copy Pods Resources */,
			);
			buildRules = (
			);
			dependencies = (
			);
			name = TRART;
			productName = TRART;
			productReference = 47BD97191BA2779F00096854 /* TRART.app */;
			productType = "com.apple.product-type.application";
		};
		47BD972D1BA277A000096854 /* TRARTTests */ = {
			isa = PBXNativeTarget;
			buildConfigurationList = 47BD973B1BA277A000096854 /* Build configuration list for PBXNativeTarget "TRARTTests" */;
			buildPhases = (
				47BD972A1BA277A000096854 /* Sources */,
				47BD972B1BA277A000096854 /* Frameworks */,
				47BD972C1BA277A000096854 /* Resources */,
			);
			buildRules = (
			);
			dependencies = (
				47BD97301BA277A000096854 /* PBXTargetDependency */,
			);
			name = TRARTTests;
			productName = TRARTTests;
			productReference = 47BD972E1BA277A000096854 /* TRARTTests.xctest */;
			productType = "com.apple.product-type.bundle.unit-test";
		};
/* End PBXNativeTarget section */

/* Begin PBXProject section */
		47BD97111BA2779F00096854 /* Project object */ = {
			isa = PBXProject;
			attributes = {
				LastUpgradeCheck = 0640;
				ORGANIZATIONNAME = yohei2323;
				TargetAttributes = {
					47BD97181BA2779F00096854 = {
						CreatedOnToolsVersion = 6.4;
						DevelopmentTeam = Z2M8H95Q7Z;
					};
					47BD972D1BA277A000096854 = {
						CreatedOnToolsVersion = 6.4;
						DevelopmentTeam = Z2M8H95Q7Z;
						TestTargetID = 47BD97181BA2779F00096854;
					};
				};
			};
			buildConfigurationList = 47BD97141BA2779F00096854 /* Build configuration list for PBXProject "TRART" */;
			compatibilityVersion = "Xcode 3.2";
			developmentRegion = English;
			hasScannedForEncodings = 0;
			knownRegions = (
				en,
				Base,
			);
			mainGroup = 47BD97101BA2779F00096854;
			productRefGroup = 47BD971A1BA2779F00096854 /* Products */;
			projectDirPath = "";
			projectRoot = "";
			targets = (
				47BD97181BA2779F00096854 /* TRART */,
				47BD972D1BA277A000096854 /* TRARTTests */,
			);
		};
/* End PBXProject section */

/* Begin PBXResourcesBuildPhase section */
		47BD97171BA2779F00096854 /* Resources */ = {
			isa = PBXResourcesBuildPhase;
			buildActionMask = 2147483647;
			files = (
				47CE09251BA2E71700168E4D /* TracksTableViewController.xib in Resources */,
				988529581BA53102003D5FED /* Layer5.xib in Resources */,
				988529521BA5300D003D5FED /* Layer2.xib in Resources */,
				9885294F1BA52D37003D5FED /* Layer1.xib in Resources */,
				98DF433E1BA723C40009FB34 /* Make.storyboard in Resources */,
				9885295E1BA5312D003D5FED /* Layer8.xib in Resources */,
				47BD97241BA2779F00096854 /* Main.storyboard in Resources */,
				9885295C1BA53123003D5FED /* Layer7.xib in Resources */,
				988529561BA530D5003D5FED /* Layer4.xib in Resources */,
				47BD97291BA2779F00096854 /* LaunchScreen.xib in Resources */,
				475B33601BA5C4DC00EC0E6A /* MainTableHeader.xib in Resources */,
				5A2F4E221BA85E8800CA71D5 /* Player.xib in Resources */,
				47BD97261BA2779F00096854 /* Images.xcassets in Resources */,
				9885295A1BA53114003D5FED /* Layer6.xib in Resources */,
				47CE09291BA2E91100168E4D /* TracksTableViewCell.xib in Resources */,
				47F291A51BA8194A00BC8DD0 /* SearchViewController.xib in Resources */,
				988529541BA530CA003D5FED /* Layer3.xib in Resources */,
			);
			runOnlyForDeploymentPostprocessing = 0;
		};
		47BD972C1BA277A000096854 /* Resources */ = {
			isa = PBXResourcesBuildPhase;
			buildActionMask = 2147483647;
			files = (
			);
			runOnlyForDeploymentPostprocessing = 0;
		};
/* End PBXResourcesBuildPhase section */

/* Begin PBXShellScriptBuildPhase section */
		1AB3A77285D64C4DBEAB655F /* Embed Pods Frameworks */ = {
			isa = PBXShellScriptBuildPhase;
			buildActionMask = 2147483647;
			files = (
			);
			inputPaths = (
			);
			name = "Embed Pods Frameworks";
			outputPaths = (
			);
			runOnlyForDeploymentPostprocessing = 0;
			shellPath = /bin/sh;
			shellScript = "\"${SRCROOT}/Pods/Target Support Files/Pods-TRART/Pods-TRART-frameworks.sh\"\n";
			showEnvVarsInLog = 0;
		};
		5E0C18736E680D1BD97A4AC4 /* Check Pods Manifest.lock */ = {
			isa = PBXShellScriptBuildPhase;
			buildActionMask = 2147483647;
			files = (
			);
			inputPaths = (
			);
			name = "Check Pods Manifest.lock";
			outputPaths = (
			);
			runOnlyForDeploymentPostprocessing = 0;
			shellPath = /bin/sh;
			shellScript = "diff \"${PODS_ROOT}/../Podfile.lock\" \"${PODS_ROOT}/Manifest.lock\" > /dev/null\nif [[ $? != 0 ]] ; then\n    cat << EOM\nerror: The sandbox is not in sync with the Podfile.lock. Run 'pod install' or update your CocoaPods installation.\nEOM\n    exit 1\nfi\n";
			showEnvVarsInLog = 0;
		};
		A11C59BD1C81977E61031548 /* Copy Pods Resources */ = {
			isa = PBXShellScriptBuildPhase;
			buildActionMask = 2147483647;
			files = (
			);
			inputPaths = (
			);
			name = "Copy Pods Resources";
			outputPaths = (
			);
			runOnlyForDeploymentPostprocessing = 0;
			shellPath = /bin/sh;
			shellScript = "\"${SRCROOT}/Pods/Target Support Files/Pods-TRART/Pods-TRART-resources.sh\"\n";
			showEnvVarsInLog = 0;
		};
/* End PBXShellScriptBuildPhase section */

/* Begin PBXSourcesBuildPhase section */
		47BD97151BA2779F00096854 /* Sources */ = {
			isa = PBXSourcesBuildPhase;
			buildActionMask = 2147483647;
			files = (
				47CE09281BA2E91100168E4D /* TracksTableCellController.swift in Sources */,
				5A7F61531BA5314E00555414 /* MakeJacketController.swift in Sources */,
				983B3F861BA5515100A24393 /* CustomCell.swift in Sources */,
				5A7F61551BA544FD00555414 /* MakeNewView.swift in Sources */,
				5AD276151BA571590074B49C /* TracksTableView.swift in Sources */,
				47CE091D1BA2D4F200168E4D /* MakeNewNavigationController.swift in Sources */,
				47CE09241BA2E71700168E4D /* TracksTableViewController.swift in Sources */,
				47F291A41BA8194A00BC8DD0 /* SearchViewController.swift in Sources */,
				471EF8DD1BA8F8FF00D21972 /* Progress.swift in Sources */,
				47BD971F1BA2779F00096854 /* AppDelegate.swift in Sources */,
				5AD2761A1BA59FAF0074B49C /* PlayerManager.swift in Sources */,
				988529641BA5378B003D5FED /* JaketLayer3View.swift in Sources */,
				47CE091B1BA2D4C900168E4D /* MakeNewController.swift in Sources */,
				988529621BA53775003D5FED /* JaketLayer2View.swift in Sources */,
				988529601BA532FD003D5FED /* JaketLayer1View.swift in Sources */,
				5AF773851BA2E84F008056A7 /* UIColor+.swift in Sources */,
				475B33621BA5CBF000EC0E6A /* MainController.swift in Sources */,
				983B3F881BA5515B00A24393 /* LayerCell.swift in Sources */,
				5A2F4E1C1BA8323000CA71D5 /* Array+.swift in Sources */,
				98DF433C1BA71B1C0009FB34 /* LayoutLastViewController.swift in Sources */,
				987CC5141BA8FA5000F869EC /* UIPlaceHolderTextView.swift in Sources */,
				986E7DC11BA6AFCF00503400 /* LayoutTableViewController.swift in Sources */,
				5A2F4E241BA85EBC00CA71D5 /* PlayerView.swift in Sources */,
				9885296C1BA537B9003D5FED /* JaketLayer7View.swift in Sources */,
				5AF7737E1BA2CE11008056A7 /* iTunesApiClient.swift in Sources */,
				988529681BA537A4003D5FED /* JaketLayer5View.swift in Sources */,
				5AF773801BA2D353008056A7 /* Track.swift in Sources */,
				988529661BA53793003D5FED /* JaketLayer4View.swift in Sources */,
				475B335E1BA5C4BE00EC0E6A /* MainTableHeaderController.swift in Sources */,
				47F291A71BA860D700BC8DD0 /* HomeTableViewCell.swift in Sources */,
				9885296A1BA537AF003D5FED /* JaketLayer6View.swift in Sources */,
				9885296E1BA537C4003D5FED /* JaketLayer8View.swift in Sources */,
				5AF773821BA2E302008056A7 /* Playlist.swift in Sources */,
				5A7F614F1BA51D0100555414 /* MakeFinishViewController.swift in Sources */,
				5A7F61511BA5312E00555414 /* MakeConfirmController.swift in Sources */,
			);
			runOnlyForDeploymentPostprocessing = 0;
		};
		47BD972A1BA277A000096854 /* Sources */ = {
			isa = PBXSourcesBuildPhase;
			buildActionMask = 2147483647;
			files = (
				47BD97351BA277A000096854 /* TRARTTests.swift in Sources */,
			);
			runOnlyForDeploymentPostprocessing = 0;
		};
/* End PBXSourcesBuildPhase section */

/* Begin PBXTargetDependency section */
		47BD97301BA277A000096854 /* PBXTargetDependency */ = {
			isa = PBXTargetDependency;
			target = 47BD97181BA2779F00096854 /* TRART */;
			targetProxy = 47BD972F1BA277A000096854 /* PBXContainerItemProxy */;
		};
/* End PBXTargetDependency section */

/* Begin PBXVariantGroup section */
		47BD97221BA2779F00096854 /* Main.storyboard */ = {
			isa = PBXVariantGroup;
			children = (
				47BD97231BA2779F00096854 /* Base */,
			);
			name = Main.storyboard;
			sourceTree = "<group>";
		};
		47BD97271BA2779F00096854 /* LaunchScreen.xib */ = {
			isa = PBXVariantGroup;
			children = (
				47BD97281BA2779F00096854 /* Base */,
			);
			name = LaunchScreen.xib;
			sourceTree = "<group>";
		};
/* End PBXVariantGroup section */

/* Begin XCBuildConfiguration section */
		47BD97361BA277A000096854 /* Debug */ = {
			isa = XCBuildConfiguration;
			buildSettings = {
				ALWAYS_SEARCH_USER_PATHS = NO;
				CLANG_CXX_LANGUAGE_STANDARD = "gnu++0x";
				CLANG_CXX_LIBRARY = "libc++";
				CLANG_ENABLE_MODULES = YES;
				CLANG_ENABLE_OBJC_ARC = YES;
				CLANG_WARN_BOOL_CONVERSION = YES;
				CLANG_WARN_CONSTANT_CONVERSION = YES;
				CLANG_WARN_DIRECT_OBJC_ISA_USAGE = YES_ERROR;
				CLANG_WARN_EMPTY_BODY = YES;
				CLANG_WARN_ENUM_CONVERSION = YES;
				CLANG_WARN_INT_CONVERSION = YES;
				CLANG_WARN_OBJC_ROOT_CLASS = YES_ERROR;
				CLANG_WARN_UNREACHABLE_CODE = YES;
				CLANG_WARN__DUPLICATE_METHOD_MATCH = YES;
				CODE_SIGN_IDENTITY = "iPhone Developer: Yuta Matsuyama (L99358E5B5)";
				"CODE_SIGN_IDENTITY[sdk=iphoneos*]" = "iPhone Developer";
				COPY_PHASE_STRIP = NO;
				DEBUG_INFORMATION_FORMAT = "dwarf-with-dsym";
				ENABLE_STRICT_OBJC_MSGSEND = YES;
				GCC_C_LANGUAGE_STANDARD = gnu99;
				GCC_DYNAMIC_NO_PIC = NO;
				GCC_NO_COMMON_BLOCKS = YES;
				GCC_OPTIMIZATION_LEVEL = 0;
				GCC_PREPROCESSOR_DEFINITIONS = (
					"DEBUG=1",
					"$(inherited)",
				);
				GCC_SYMBOLS_PRIVATE_EXTERN = NO;
				GCC_WARN_64_TO_32_BIT_CONVERSION = YES;
				GCC_WARN_ABOUT_RETURN_TYPE = YES_ERROR;
				GCC_WARN_UNDECLARED_SELECTOR = YES;
				GCC_WARN_UNINITIALIZED_AUTOS = YES_AGGRESSIVE;
				GCC_WARN_UNUSED_FUNCTION = YES;
				GCC_WARN_UNUSED_VARIABLE = YES;
				IPHONEOS_DEPLOYMENT_TARGET = 8.4;
				MTL_ENABLE_DEBUG_INFO = YES;
				ONLY_ACTIVE_ARCH = YES;
				PROVISIONING_PROFILE = "3fee3147-cbe4-4500-af10-5781aa4d58e3";
				SDKROOT = iphoneos;
				SWIFT_OPTIMIZATION_LEVEL = "-Onone";
			};
			name = Debug;
		};
		47BD97371BA277A000096854 /* Release */ = {
			isa = XCBuildConfiguration;
			buildSettings = {
				ALWAYS_SEARCH_USER_PATHS = NO;
				CLANG_CXX_LANGUAGE_STANDARD = "gnu++0x";
				CLANG_CXX_LIBRARY = "libc++";
				CLANG_ENABLE_MODULES = YES;
				CLANG_ENABLE_OBJC_ARC = YES;
				CLANG_WARN_BOOL_CONVERSION = YES;
				CLANG_WARN_CONSTANT_CONVERSION = YES;
				CLANG_WARN_DIRECT_OBJC_ISA_USAGE = YES_ERROR;
				CLANG_WARN_EMPTY_BODY = YES;
				CLANG_WARN_ENUM_CONVERSION = YES;
				CLANG_WARN_INT_CONVERSION = YES;
				CLANG_WARN_OBJC_ROOT_CLASS = YES_ERROR;
				CLANG_WARN_UNREACHABLE_CODE = YES;
				CLANG_WARN__DUPLICATE_METHOD_MATCH = YES;
				CODE_SIGN_IDENTITY = "iPhone Developer: Yuta Matsuyama (L99358E5B5)";
				"CODE_SIGN_IDENTITY[sdk=iphoneos*]" = "iPhone Developer";
				COPY_PHASE_STRIP = NO;
				DEBUG_INFORMATION_FORMAT = "dwarf-with-dsym";
				ENABLE_NS_ASSERTIONS = NO;
				ENABLE_STRICT_OBJC_MSGSEND = YES;
				GCC_C_LANGUAGE_STANDARD = gnu99;
				GCC_NO_COMMON_BLOCKS = YES;
				GCC_WARN_64_TO_32_BIT_CONVERSION = YES;
				GCC_WARN_ABOUT_RETURN_TYPE = YES_ERROR;
				GCC_WARN_UNDECLARED_SELECTOR = YES;
				GCC_WARN_UNINITIALIZED_AUTOS = YES_AGGRESSIVE;
				GCC_WARN_UNUSED_FUNCTION = YES;
				GCC_WARN_UNUSED_VARIABLE = YES;
				IPHONEOS_DEPLOYMENT_TARGET = 8.4;
				MTL_ENABLE_DEBUG_INFO = NO;
				PROVISIONING_PROFILE = "3fee3147-cbe4-4500-af10-5781aa4d58e3";
				SDKROOT = iphoneos;
				VALIDATE_PRODUCT = YES;
			};
			name = Release;
		};
		47BD97391BA277A000096854 /* Debug */ = {
			isa = XCBuildConfiguration;
			baseConfigurationReference = 4EB130E953F113C9719472F8 /* Pods-TRART.debug.xcconfig */;
			buildSettings = {
				ASSETCATALOG_COMPILER_APPICON_NAME = AppIcon;
				CODE_SIGN_IDENTITY = "iPhone Developer";
				"CODE_SIGN_IDENTITY[sdk=iphoneos*]" = "iPhone Developer";
				INFOPLIST_FILE = TRART/Info.plist;
				IPHONEOS_DEPLOYMENT_TARGET = 8.3;
				LD_RUNPATH_SEARCH_PATHS = "$(inherited) @executable_path/Frameworks";
				PRODUCT_NAME = "$(TARGET_NAME)";
				PROVISIONING_PROFILE = "";
				SWIFT_OBJC_BRIDGING_HEADER = "TRART/TRART-Bridging-Header.h";
			};
			name = Debug;
		};
		47BD973A1BA277A000096854 /* Release */ = {
			isa = XCBuildConfiguration;
			baseConfigurationReference = EC91779C21E5C5E2FDE0A015 /* Pods-TRART.release.xcconfig */;
			buildSettings = {
				ASSETCATALOG_COMPILER_APPICON_NAME = AppIcon;
				CODE_SIGN_IDENTITY = "iPhone Developer";
				"CODE_SIGN_IDENTITY[sdk=iphoneos*]" = "iPhone Developer";
				INFOPLIST_FILE = TRART/Info.plist;
				IPHONEOS_DEPLOYMENT_TARGET = 8.3;
				LD_RUNPATH_SEARCH_PATHS = "$(inherited) @executable_path/Frameworks";
				PRODUCT_NAME = "$(TARGET_NAME)";
				PROVISIONING_PROFILE = "";
				SWIFT_OBJC_BRIDGING_HEADER = "TRART/TRART-Bridging-Header.h";
				SWIFT_OPTIMIZATION_LEVEL = "-Onone";
			};
			name = Release;
		};
		47BD973C1BA277A000096854 /* Debug */ = {
			isa = XCBuildConfiguration;
			buildSettings = {
				BUNDLE_LOADER = "$(TEST_HOST)";
				CODE_SIGN_IDENTITY = "iPhone Developer: Yuta Matsuyama (L99358E5B5)";
				"CODE_SIGN_IDENTITY[sdk=iphoneos*]" = "iPhone Developer";
				FRAMEWORK_SEARCH_PATHS = (
					"$(SDKROOT)/Developer/Library/Frameworks",
					"$(inherited)",
				);
				GCC_PREPROCESSOR_DEFINITIONS = (
					"DEBUG=1",
					"$(inherited)",
				);
				INFOPLIST_FILE = TRARTTests/Info.plist;
				LD_RUNPATH_SEARCH_PATHS = "$(inherited) @executable_path/Frameworks @loader_path/Frameworks";
				PRODUCT_NAME = "$(TARGET_NAME)";
				PROVISIONING_PROFILE = "3fee3147-cbe4-4500-af10-5781aa4d58e3";
				TEST_HOST = "$(BUILT_PRODUCTS_DIR)/TRART.app/TRART";
			};
			name = Debug;
		};
		47BD973D1BA277A000096854 /* Release */ = {
			isa = XCBuildConfiguration;
			buildSettings = {
				BUNDLE_LOADER = "$(TEST_HOST)";
				CODE_SIGN_IDENTITY = "iPhone Developer: Yuta Matsuyama (L99358E5B5)";
				"CODE_SIGN_IDENTITY[sdk=iphoneos*]" = "iPhone Developer";
				FRAMEWORK_SEARCH_PATHS = (
					"$(SDKROOT)/Developer/Library/Frameworks",
					"$(inherited)",
				);
				INFOPLIST_FILE = TRARTTests/Info.plist;
				LD_RUNPATH_SEARCH_PATHS = "$(inherited) @executable_path/Frameworks @loader_path/Frameworks";
				PRODUCT_NAME = "$(TARGET_NAME)";
				PROVISIONING_PROFILE = "3fee3147-cbe4-4500-af10-5781aa4d58e3";
				TEST_HOST = "$(BUILT_PRODUCTS_DIR)/TRART.app/TRART";
			};
			name = Release;
		};
/* End XCBuildConfiguration section */

/* Begin XCConfigurationList section */
		47BD97141BA2779F00096854 /* Build configuration list for PBXProject "TRART" */ = {
			isa = XCConfigurationList;
			buildConfigurations = (
				47BD97361BA277A000096854 /* Debug */,
				47BD97371BA277A000096854 /* Release */,
			);
			defaultConfigurationIsVisible = 0;
			defaultConfigurationName = Release;
		};
		47BD97381BA277A000096854 /* Build configuration list for PBXNativeTarget "TRART" */ = {
			isa = XCConfigurationList;
			buildConfigurations = (
				47BD97391BA277A000096854 /* Debug */,
				47BD973A1BA277A000096854 /* Release */,
			);
			defaultConfigurationIsVisible = 0;
			defaultConfigurationName = Release;
		};
		47BD973B1BA277A000096854 /* Build configuration list for PBXNativeTarget "TRARTTests" */ = {
			isa = XCConfigurationList;
			buildConfigurations = (
				47BD973C1BA277A000096854 /* Debug */,
				47BD973D1BA277A000096854 /* Release */,
			);
			defaultConfigurationIsVisible = 0;
			defaultConfigurationName = Release;
		};
/* End XCConfigurationList section */
	};
	rootObject = 47BD97111BA2779F00096854 /* Project object */;
}
